
Microsoft Visual Studio Solution File, Format Version 12.00
# Visual Studio Version 18
VisualStudioVersion = 18.10.12201.205
MinimumVisualStudioVersion = 10.0.40219.1
Project("{FAE04EC0-301F-11D3-BF4B-00C04F79EFBC}") = "SharpOnvifCommon", "SharpOnvifCommon\SharpOnvifCommon.csproj", "{E9F5C071-0F51-4DF6-AE8F-DB7DE27952F8}"
EndProject
Project("{FAE04EC0-301F-11D3-BF4B-00C04F79EFBC}") = "SharpOnvifServer", "SharpOnvifServer\SharpOnvifServer.csproj", "{2891CD9D-B6B7-4E4D-B711-D580EAA500FA}"
EndProject
Project("{2150E333-8FDC-42A3-9474-1A3956D46DE8}") = "Tests", "Tests", "{0AB3BF05-4346-4AA6-1389-037BE0695223}"
EndProject
Project("{FAE04EC0-301F-11D3-BF4B-00C04F79EFBC}") = "SharpOnvifCommon.Tests", "SharpOnvifCommon.Tests\SharpOnvifCommon.Tests.csproj", "{9735B663-28FE-477D-B6FA-65247FBE0A91}"
EndProject
Project("{FAE04EC0-301F-11D3-BF4B-00C04F79EFBC}") = "WsdlGenerator", "WsdlGenerator\WsdlGenerator.csproj", "{145490B7-B60E-4F5D-8ADA-19F9B675E8FE}"
EndProject
Project("{FAE04EC0-301F-11D3-BF4B-00C04F79EFBC}") = "SharpOnvifServer.Tests", "SharpOnvifServer.Tests\SharpOnvifServer.Tests.csproj", "{EDC71558-BB32-4C40-92E7-6C907C16290A}"
EndProject
Project("{2150E333-8FDC-42A3-9474-1A3956D46DE8}") = "Samples", "Samples", "{5D20AA90-6969-D8BD-9DCD-8634F4692FDA}"
EndProject
Project("{FAE04EC0-301F-11D3-BF4B-00C04F79EFBC}") = "Onvif.Server", "Onvif.Server\Onvif.Server.csproj", "{8AEDA37E-B7E4-4447-8131-F36A4F4E97CA}"
EndProject
Project("{2150E333-8FDC-42A3-9474-1A3956D46DE8}") = "Tooling", "Tooling", "{30DC08FC-3E98-6757-484C-7F83F687C538}"
EndProject
Project("{FAE04EC0-301F-11D3-BF4B-00C04F79EFBC}") = "SharpOnvifClient", "SharpOnvifClient\SharpOnvifClient.csproj", "{C1B9470D-00AE-4A6E-9322-6444E79F1FB1}"
EndProject
Project("{2150E333-8FDC-42A3-9474-1A3956D46DE8}") = "Solution Items", "Solution Items", "{C172435F-D88D-4548-AE54-66B8A702EAB5}"
	ProjectSection(SolutionItems) = preProject
		Directory.Build.props = Directory.Build.props
	EndProjectSection
EndProject
Global
	GlobalSection(SolutionConfigurationPlatforms) = preSolution
		Debug|Any CPU = Debug|Any CPU
		Debug|x64 = Debug|x64
		Debug|x86 = Debug|x86
		Release|Any CPU = Release|Any CPU
		Release|x64 = Release|x64
		Release|x86 = Release|x86
	EndGlobalSection
	GlobalSection(ProjectConfigurationPlatforms) = postSolution
		{E9F5C071-0F51-4DF6-AE8F-DB7DE27952F8}.Debug|Any CPU.ActiveCfg = Debug|Any CPU
		{E9F5C071-0F51-4DF6-AE8F-DB7DE27952F8}.Debug|Any CPU.Build.0 = Debug|Any CPU
		{E9F5C071-0F51-4DF6-AE8F-DB7DE27952F8}.Debug|x64.ActiveCfg = Debug|Any CPU
		{E9F5C071-0F51-4DF6-AE8F-DB7DE27952F8}.Debug|x64.Build.0 = Debug|Any CPU
		{E9F5C071-0F51-4DF6-AE8F-DB7DE27952F8}.Debug|x86.ActiveCfg = Debug|Any CPU
		{E9F5C071-0F51-4DF6-AE8F-DB7DE27952F8}.Debug|x86.Build.0 = Debug|Any CPU
		{E9F5C071-0F51-4DF6-AE8F-DB7DE27952F8}.Release|Any CPU.ActiveCfg = Release|Any CPU
		{E9F5C071-0F51-4DF6-AE8F-DB7DE27952F8}.Release|Any CPU.Build.0 = Release|Any CPU
		{E9F5C071-0F51-4DF6-AE8F-DB7DE27952F8}.Release|x64.ActiveCfg = Release|Any CPU
		{E9F5C071-0F51-4DF6-AE8F-DB7DE27952F8}.Release|x64.Build.0 = Release|Any CPU
		{E9F5C071-0F51-4DF6-AE8F-DB7DE27952F8}.Release|x86.ActiveCfg = Release|Any CPU
		{E9F5C071-0F51-4DF6-AE8F-DB7DE27952F8}.Release|x86.Build.0 = Release|Any CPU
		{2891CD9D-B6B7-4E4D-B711-D580EAA500FA}.Debug|Any CPU.ActiveCfg = Debug|Any CPU
		{2891CD9D-B6B7-4E4D-B711-D580EAA500FA}.Debug|Any CPU.Build.0 = Debug|Any CPU
		{2891CD9D-B6B7-4E4D-B711-D580EAA500FA}.Debug|x64.ActiveCfg = Debug|Any CPU
		{2891CD9D-B6B7-4E4D-B711-D580EAA500FA}.Debug|x64.Build.0 = Debug|Any CPU
		{2891CD9D-B6B7-4E4D-B711-D580EAA500FA}.Debug|x86.ActiveCfg = Debug|Any CPU
		{2891CD9D-B6B7-4E4D-B711-D580EAA500FA}.Debug|x86.Build.0 = Debug|Any CPU
		{2891CD9D-B6B7-4E4D-B711-D580EAA500FA}.Release|Any CPU.ActiveCfg = Release|Any CPU
		{2891CD9D-B6B7-4E4D-B711-D580EAA500FA}.Release|Any CPU.Build.0 = Release|Any CPU
		{2891CD9D-B6B7-4E4D-B711-D580EAA500FA}.Release|x64.ActiveCfg = Release|Any CPU
		{2891CD9D-B6B7-4E4D-B711-D580EAA500FA}.Release|x64.Build.0 = Release|Any CPU
		{2891CD9D-B6B7-4E4D-B711-D580EAA500FA}.Release|x86.ActiveCfg = Release|Any CPU
		{2891CD9D-B6B7-4E4D-B711-D580EAA500FA}.Release|x86.Build.0 = Release|Any CPU
		{9735B663-28FE-477D-B6FA-65247FBE0A91}.Debug|Any CPU.ActiveCfg = Debug|Any CPU
		{9735B663-28FE-477D-B6FA-65247FBE0A91}.Debug|Any CPU.Build.0 = Debug|Any CPU
		{9735B663-28FE-477D-B6FA-65247FBE0A91}.Debug|x64.ActiveCfg = Debug|Any CPU
		{9735B663-28FE-477D-B6FA-65247FBE0A91}.Debug|x64.Build.0 = Debug|Any CPU
		{9735B663-28FE-477D-B6FA-65247FBE0A91}.Debug|x86.ActiveCfg = Debug|Any CPU
		{9735B663-28FE-477D-B6FA-65247FBE0A91}.Debug|x86.Build.0 = Debug|Any CPU
		{9735B663-28FE-477D-B6FA-65247FBE0A91}.Release|Any CPU.ActiveCfg = Release|Any CPU
		{9735B663-28FE-477D-B6FA-65247FBE0A91}.Release|Any CPU.Build.0 = Release|Any CPU
		{9735B663-28FE-477D-B6FA-65247FBE0A91}.Release|x64.ActiveCfg = Release|Any CPU
		{9735B663-28FE-477D-B6FA-65247FBE0A91}.Release|x64.Build.0 = Release|Any CPU
		{9735B663-28FE-477D-B6FA-65247FBE0A91}.Release|x86.ActiveCfg = Release|Any CPU
		{9735B663-28FE-477D-B6FA-65247FBE0A91}.Release|x86.Build.0 = Release|Any CPU
		{145490B7-B60E-4F5D-8ADA-19F9B675E8FE}.Debug|Any CPU.ActiveCfg = Debug|Any CPU
		{145490B7-B60E-4F5D-8ADA-19F9B675E8FE}.Debug|Any CPU.Build.0 = Debug|Any CPU
		{145490B7-B60E-4F5D-8ADA-19F9B675E8FE}.Debug|x64.ActiveCfg = Debug|Any CPU
		{145490B7-B60E-4F5D-8ADA-19F9B675E8FE}.Debug|x64.Build.0 = Debug|Any CPU
		{145490B7-B60E-4F5D-8ADA-19F9B675E8FE}.Debug|x86.ActiveCfg = Debug|Any CPU
		{145490B7-B60E-4F5D-8ADA-19F9B675E8FE}.Debug|x86.Build.0 = Debug|Any CPU
		{145490B7-B60E-4F5D-8ADA-19F9B675E8FE}.Release|Any CPU.ActiveCfg = Release|Any CPU
		{145490B7-B60E-4F5D-8ADA-19F9B675E8FE}.Release|Any CPU.Build.0 = Release|Any CPU
		{145490B7-B60E-4F5D-8ADA-19F9B675E8FE}.Release|x64.ActiveCfg = Release|Any CPU
		{145490B7-B60E-4F5D-8ADA-19F9B675E8FE}.Release|x64.Build.0 = Release|Any CPU
		{145490B7-B60E-4F5D-8ADA-19F9B675E8FE}.Release|x86.ActiveCfg = Release|Any CPU
		{145490B7-B60E-4F5D-8ADA-19F9B675E8FE}.Release|x86.Build.0 = Release|Any CPU
		{EDC71558-BB32-4C40-92E7-6C907C16290A}.Debug|Any CPU.ActiveCfg = Debug|Any CPU
		{EDC71558-BB32-4C40-92E7-6C907C16290A}.Debug|Any CPU.Build.0 = Debug|Any CPU
		{EDC71558-BB32-4C40-92E7-6C907C16290A}.Debug|x64.ActiveCfg = Debug|Any CPU
		{EDC71558-BB32-4C40-92E7-6C907C16290A}.Debug|x64.Build.0 = Debug|Any CPU
		{EDC71558-BB32-4C40-92E7-6C907C16290A}.Debug|x86.ActiveCfg = Debug|Any CPU
		{EDC71558-BB32-4C40-92E7-6C907C16290A}.Debug|x86.Build.0 = Debug|Any CPU
		{EDC71558-BB32-4C40-92E7-6C907C16290A}.Release|Any CPU.ActiveCfg = Release|Any CPU
		{EDC71558-BB32-4C40-92E7-6C907C16290A}.Release|Any CPU.Build.0 = Release|Any CPU
		{EDC71558-BB32-4C40-92E7-6C907C16290A}.Release|x64.ActiveCfg = Release|Any CPU
		{EDC71558-BB32-4C40-92E7-6C907C16290A}.Release|x64.Build.0 = Release|Any CPU
		{EDC71558-BB32-4C40-92E7-6C907C16290A}.Release|x86.ActiveCfg = Release|Any CPU
		{EDC71558-BB32-4C40-92E7-6C907C16290A}.Release|x86.Build.0 = Release|Any CPU
		{8AEDA37E-B7E4-4447-8131-F36A4F4E97CA}.Debug|Any CPU.ActiveCfg = Debug|Any CPU
		{8AEDA37E-B7E4-4447-8131-F36A4F4E97CA}.Debug|Any CPU.Build.0 = Debug|Any CPU
		{8AEDA37E-B7E4-4447-8131-F36A4F4E97CA}.Debug|x64.ActiveCfg = Debug|Any CPU
		{8AEDA37E-B7E4-4447-8131-F36A4F4E97CA}.Debug|x64.Build.0 = Debug|Any CPU
		{8AEDA37E-B7E4-4447-8131-F36A4F4E97CA}.Debug|x86.ActiveCfg = Debug|Any CPU
		{8AEDA37E-B7E4-4447-8131-F36A4F4E97CA}.Debug|x86.Build.0 = Debug|Any CPU
		{8AEDA37E-B7E4-4447-8131-F36A4F4E97CA}.Release|Any CPU.ActiveCfg = Release|Any CPU
		{8AEDA37E-B7E4-4447-8131-F36A4F4E97CA}.Release|Any CPU.Build.0 = Release|Any CPU
		{8AEDA37E-B7E4-4447-8131-F36A4F4E97CA}.Release|x64.ActiveCfg = Release|Any CPU
		{8AEDA37E-B7E4-4447-8131-F36A4F4E97CA}.Release|x64.Build.0 = Release|Any CPU
		{8AEDA37E-B7E4-4447-8131-F36A4F4E97CA}.Release|x86.ActiveCfg = Release|Any CPU
		{8AEDA37E-B7E4-4447-8131-F36A4F4E97CA}.Release|x86.Build.0 = Release|Any CPU
		{C1B9470D-00AE-4A6E-9322-6444E79F1FB1}.Debug|Any CPU.ActiveCfg = Debug|Any CPU
		{C1B9470D-00AE-4A6E-9322-6444E79F1FB1}.Debug|Any CPU.Build.0 = Debug|Any CPU
		{C1B9470D-00AE-4A6E-9322-6444E79F1FB1}.Debug|x64.ActiveCfg = Debug|Any CPU
		{C1B9470D-00AE-4A6E-9322-6444E79F1FB1}.Debug|x64.Build.0 = Debug|Any CPU
		{C1B9470D-00AE-4A6E-9322-6444E79F1FB1}.Debug|x86.ActiveCfg = Debug|Any CPU
		{C1B9470D-00AE-4A6E-9322-6444E79F1FB1}.Debug|x86.Build.0 = Debug|Any CPU
		{C1B9470D-00AE-4A6E-9322-6444E79F1FB1}.Release|Any CPU.ActiveCfg = Release|Any CPU
		{C1B9470D-00AE-4A6E-9322-6444E79F1FB1}.Release|Any CPU.Build.0 = Release|Any CPU
		{C1B9470D-00AE-4A6E-9322-6444E79F1FB1}.Release|x64.ActiveCfg = Release|Any CPU
		{C1B9470D-00AE-4A6E-9322-6444E79F1FB1}.Release|x64.Build.0 = Release|Any CPU
		{C1B9470D-00AE-4A6E-9322-6444E79F1FB1}.Release|x86.ActiveCfg = Release|Any CPU
		{C1B9470D-00AE-4A6E-9322-6444E79F1FB1}.Release|x86.Build.0 = Release|Any CPU
	EndGlobalSection
	GlobalSection(SolutionProperties) = preSolution
		HideSolutionNode = FALSE
	EndGlobalSection
	GlobalSection(NestedProjects) = preSolution
		{9735B663-28FE-477D-B6FA-65247FBE0A91} = {0AB3BF05-4346-4AA6-1389-037BE0695223}
		{145490B7-B60E-4F5D-8ADA-19F9B675E8FE} = {30DC08FC-3E98-6757-484C-7F83F687C538}
		{EDC71558-BB32-4C40-92E7-6C907C16290A} = {0AB3BF05-4346-4AA6-1389-037BE0695223}
		{8AEDA37E-B7E4-4447-8131-F36A4F4E97CA} = {5D20AA90-6969-D8BD-9DCD-8634F4692FDA}
	EndGlobalSection
	GlobalSection(ExtensibilityGlobals) = postSolution
		SolutionGuid = {C4284995-B798-43CD-9B7F-1FD3EFE6B142}
	EndGlobalSection
EndGlobal
