
Microsoft Visual Studio Solution File, Format Version 12.00
# Visual Studio Version 17
VisualStudioVersion = 17.9.34607.119
MinimumVisualStudioVersion = 10.0.40219.1
Project("{9A19103F-16F7-4668-BE54-9A1E7A4F7556}") = "OnvifService", "OnvifService\OnvifService.csproj", "{B029D3AA-1FF8-4402-A899-E1F5FE0D5855}"
EndProject
Project("{9A19103F-16F7-4668-BE54-9A1E7A4F7556}") = "SharpOnvifServer", "SharpOnvifServer\SharpOnvifServer.csproj", "{ECCFE09F-E58D-438C-939A-8CA626809315}"
EndProject
Global
	GlobalSection(SolutionConfigurationPlatforms) = preSolution
		Debug|Any CPU = Debug|Any CPU
		Release|Any CPU = Release|Any CPU
	EndGlobalSection
	GlobalSection(ProjectConfigurationPlatforms) = postSolution
		{B029D3AA-1FF8-4402-A899-E1F5FE0D5855}.Debug|Any CPU.ActiveCfg = Debug|Any CPU
		{B029D3AA-1FF8-4402-A899-E1F5FE0D5855}.Debug|Any CPU.Build.0 = Debug|Any CPU
		{B029D3AA-1FF8-4402-A899-E1F5FE0D5855}.Release|Any CPU.ActiveCfg = Release|Any CPU
		{B029D3AA-1FF8-4402-A899-E1F5FE0D5855}.Release|Any CPU.Build.0 = Release|Any CPU
		{ECCFE09F-E58D-438C-939A-8CA626809315}.Debug|Any CPU.ActiveCfg = Debug|Any CPU
		{ECCFE09F-E58D-438C-939A-8CA626809315}.Debug|Any CPU.Build.0 = Debug|Any CPU
		{ECCFE09F-E58D-438C-939A-8CA626809315}.Release|Any CPU.ActiveCfg = Release|Any CPU
		{ECCFE09F-E58D-438C-939A-8CA626809315}.Release|Any CPU.Build.0 = Release|Any CPU
	EndGlobalSection
	GlobalSection(SolutionProperties) = preSolution
		HideSolutionNode = FALSE
	EndGlobalSection
	GlobalSection(ExtensibilityGlobals) = postSolution
		SolutionGuid = {B452BD85-1B80-4BB9-BF59-34EB16E21311}
	EndGlobalSection
EndGlobal
