
Microsoft Visual Studio Solution File, Format Version 12.00
# Visual Studio Version 18
VisualStudioVersion = 18.10.12201.205 stable
MinimumVisualStudioVersion = 10.0.40219.1
Project("{FAE04EC0-301F-11D3-BF4B-00C04F79EFBC}") = "SharpOnvifCommon", "SharpOnvifCommon\SharpOnvifCommon.csproj", "{7FE2C8D7-7705-430C-9D81-D986ADAEC6D8}"
EndProject
Project("{FAE04EC0-301F-11D3-BF4B-00C04F79EFBC}") = "SharpOnvifClient", "SharpOnvifClient\SharpOnvifClient.csproj", "{D8FD56AF-59DE-46BD-AE62-A87931038A92}"
EndProject
Project("{2150E333-8FDC-42A3-9474-1A3956D46DE8}") = "Tests", "Tests", "{0AB3BF05-4346-4AA6-1389-037BE0695223}"
EndProject
Project("{FAE04EC0-301F-11D3-BF4B-00C04F79EFBC}") = "SharpOnvifCommon.Tests", "SharpOnvifCommon.Tests\SharpOnvifCommon.Tests.csproj", "{29490633-D032-4E8B-B26E-51A54F1EB536}"
EndProject
Project("{FAE04EC0-301F-11D3-BF4B-00C04F79EFBC}") = "WsdlGenerator", "WsdlGenerator\WsdlGenerator.csproj", "{E706941C-5C4D-415A-8DD0-844877FC1161}"
EndProject
Project("{FAE04EC0-301F-11D3-BF4B-00C04F79EFBC}") = "SharpOnvifClient.Tests", "SharpOnvifClient.Tests\SharpOnvifClient.Tests.csproj", "{549E81A8-3200-4026-923B-00422B8F50AF}"
EndProject
Project("{2150E333-8FDC-42A3-9474-1A3956D46DE8}") = "Samples", "Samples", "{5D20AA90-6969-D8BD-9DCD-8634F4692FDA}"
EndProject
Project("{FAE04EC0-301F-11D3-BF4B-00C04F79EFBC}") = "Onvif.Client", "Onvif.Client\Onvif.Client.csproj", "{C6EB77FD-6F19-417B-AEBE-18D1E6168DE4}"
EndProject
Project("{2150E333-8FDC-42A3-9474-1A3956D46DE8}") = "Tooling", "Tooling", "{30DC08FC-3E98-6757-484C-7F83F687C538}"
EndProject
Global
	GlobalSection(SolutionConfigurationPlatforms) = preSolution
		Debug|Any CPU = Debug|Any CPU
		Debug|x64 = Debug|x64
		Debug|x86 = Debug|x86
		Release|Any CPU = Release|Any CPU
		Release|x64 = Release|x64
		Release|x86 = Release|x86
	EndGlobalSection
	GlobalSection(ProjectConfigurationPlatforms) = postSolution
		{7FE2C8D7-7705-430C-9D81-D986ADAEC6D8}.Debug|Any CPU.ActiveCfg = Debug|Any CPU
		{7FE2C8D7-7705-430C-9D81-D986ADAEC6D8}.Debug|Any CPU.Build.0 = Debug|Any CPU
		{7FE2C8D7-7705-430C-9D81-D986ADAEC6D8}.Debug|x64.ActiveCfg = Debug|Any CPU
		{7FE2C8D7-7705-430C-9D81-D986ADAEC6D8}.Debug|x64.Build.0 = Debug|Any CPU
		{7FE2C8D7-7705-430C-9D81-D986ADAEC6D8}.Debug|x86.ActiveCfg = Debug|Any CPU
		{7FE2C8D7-7705-430C-9D81-D986ADAEC6D8}.Debug|x86.Build.0 = Debug|Any CPU
		{7FE2C8D7-7705-430C-9D81-D986ADAEC6D8}.Release|Any CPU.ActiveCfg = Release|Any CPU
		{7FE2C8D7-7705-430C-9D81-D986ADAEC6D8}.Release|Any CPU.Build.0 = Release|Any CPU
		{7FE2C8D7-7705-430C-9D81-D986ADAEC6D8}.Release|x64.ActiveCfg = Release|Any CPU
		{7FE2C8D7-7705-430C-9D81-D986ADAEC6D8}.Release|x64.Build.0 = Release|Any CPU
		{7FE2C8D7-7705-430C-9D81-D986ADAEC6D8}.Release|x86.ActiveCfg = Release|Any CPU
		{7FE2C8D7-7705-430C-9D81-D986ADAEC6D8}.Release|x86.Build.0 = Release|Any CPU
		{D8FD56AF-59DE-46BD-AE62-A87931038A92}.Debug|Any CPU.ActiveCfg = Debug|Any CPU
		{D8FD56AF-59DE-46BD-AE62-A87931038A92}.Debug|Any CPU.Build.0 = Debug|Any CPU
		{D8FD56AF-59DE-46BD-AE62-A87931038A92}.Debug|x64.ActiveCfg = Debug|Any CPU
		{D8FD56AF-59DE-46BD-AE62-A87931038A92}.Debug|x64.Build.0 = Debug|Any CPU
		{D8FD56AF-59DE-46BD-AE62-A87931038A92}.Debug|x86.ActiveCfg = Debug|Any CPU
		{D8FD56AF-59DE-46BD-AE62-A87931038A92}.Debug|x86.Build.0 = Debug|Any CPU
		{D8FD56AF-59DE-46BD-AE62-A87931038A92}.Release|Any CPU.ActiveCfg = Release|Any CPU
		{D8FD56AF-59DE-46BD-AE62-A87931038A92}.Release|Any CPU.Build.0 = Release|Any CPU
		{D8FD56AF-59DE-46BD-AE62-A87931038A92}.Release|x64.ActiveCfg = Release|Any CPU
		{D8FD56AF-59DE-46BD-AE62-A87931038A92}.Release|x64.Build.0 = Release|Any CPU
		{D8FD56AF-59DE-46BD-AE62-A87931038A92}.Release|x86.ActiveCfg = Release|Any CPU
		{D8FD56AF-59DE-46BD-AE62-A87931038A92}.Release|x86.Build.0 = Release|Any CPU
		{29490633-D032-4E8B-B26E-51A54F1EB536}.Debug|Any CPU.ActiveCfg = Debug|Any CPU
		{29490633-D032-4E8B-B26E-51A54F1EB536}.Debug|Any CPU.Build.0 = Debug|Any CPU
		{29490633-D032-4E8B-B26E-51A54F1EB536}.Debug|x64.ActiveCfg = Debug|Any CPU
		{29490633-D032-4E8B-B26E-51A54F1EB536}.Debug|x64.Build.0 = Debug|Any CPU
		{29490633-D032-4E8B-B26E-51A54F1EB536}.Debug|x86.ActiveCfg = Debug|Any CPU
		{29490633-D032-4E8B-B26E-51A54F1EB536}.Debug|x86.Build.0 = Debug|Any CPU
		{29490633-D032-4E8B-B26E-51A54F1EB536}.Release|Any CPU.ActiveCfg = Release|Any CPU
		{29490633-D032-4E8B-B26E-51A54F1EB536}.Release|Any CPU.Build.0 = Release|Any CPU
		{29490633-D032-4E8B-B26E-51A54F1EB536}.Release|x64.ActiveCfg = Release|Any CPU
		{29490633-D032-4E8B-B26E-51A54F1EB536}.Release|x64.Build.0 = Release|Any CPU
		{29490633-D032-4E8B-B26E-51A54F1EB536}.Release|x86.ActiveCfg = Release|Any CPU
		{29490633-D032-4E8B-B26E-51A54F1EB536}.Release|x86.Build.0 = Release|Any CPU
		{E706941C-5C4D-415A-8DD0-844877FC1161}.Debug|Any CPU.ActiveCfg = Debug|Any CPU
		{E706941C-5C4D-415A-8DD0-844877FC1161}.Debug|Any CPU.Build.0 = Debug|Any CPU
		{E706941C-5C4D-415A-8DD0-844877FC1161}.Debug|x64.ActiveCfg = Debug|Any CPU
		{E706941C-5C4D-415A-8DD0-844877FC1161}.Debug|x64.Build.0 = Debug|Any CPU
		{E706941C-5C4D-415A-8DD0-844877FC1161}.Debug|x86.ActiveCfg = Debug|Any CPU
		{E706941C-5C4D-415A-8DD0-844877FC1161}.Debug|x86.Build.0 = Debug|Any CPU
		{E706941C-5C4D-415A-8DD0-844877FC1161}.Release|Any CPU.ActiveCfg = Release|Any CPU
		{E706941C-5C4D-415A-8DD0-844877FC1161}.Release|Any CPU.Build.0 = Release|Any CPU
		{E706941C-5C4D-415A-8DD0-844877FC1161}.Release|x64.ActiveCfg = Release|Any CPU
		{E706941C-5C4D-415A-8DD0-844877FC1161}.Release|x64.Build.0 = Release|Any CPU
		{E706941C-5C4D-415A-8DD0-844877FC1161}.Release|x86.ActiveCfg = Release|Any CPU
		{E706941C-5C4D-415A-8DD0-844877FC1161}.Release|x86.Build.0 = Release|Any CPU
		{549E81A8-3200-4026-923B-00422B8F50AF}.Debug|Any CPU.ActiveCfg = Debug|Any CPU
		{549E81A8-3200-4026-923B-00422B8F50AF}.Debug|Any CPU.Build.0 = Debug|Any CPU
		{549E81A8-3200-4026-923B-00422B8F50AF}.Debug|x64.ActiveCfg = Debug|Any CPU
		{549E81A8-3200-4026-923B-00422B8F50AF}.Debug|x64.Build.0 = Debug|Any CPU
		{549E81A8-3200-4026-923B-00422B8F50AF}.Debug|x86.ActiveCfg = Debug|Any CPU
		{549E81A8-3200-4026-923B-00422B8F50AF}.Debug|x86.Build.0 = Debug|Any CPU
		{549E81A8-3200-4026-923B-00422B8F50AF}.Release|Any CPU.ActiveCfg = Release|Any CPU
		{549E81A8-3200-4026-923B-00422B8F50AF}.Release|Any CPU.Build.0 = Release|Any CPU
		{549E81A8-3200-4026-923B-00422B8F50AF}.Release|x64.ActiveCfg = Release|Any CPU
		{549E81A8-3200-4026-923B-00422B8F50AF}.Release|x64.Build.0 = Release|Any CPU
		{549E81A8-3200-4026-923B-00422B8F50AF}.Release|x86.ActiveCfg = Release|Any CPU
		{549E81A8-3200-4026-923B-00422B8F50AF}.Release|x86.Build.0 = Release|Any CPU
		{C6EB77FD-6F19-417B-AEBE-18D1E6168DE4}.Debug|Any CPU.ActiveCfg = Debug|Any CPU
		{C6EB77FD-6F19-417B-AEBE-18D1E6168DE4}.Debug|Any CPU.Build.0 = Debug|Any CPU
		{C6EB77FD-6F19-417B-AEBE-18D1E6168DE4}.Debug|x64.ActiveCfg = Debug|Any CPU
		{C6EB77FD-6F19-417B-AEBE-18D1E6168DE4}.Debug|x64.Build.0 = Debug|Any CPU
		{C6EB77FD-6F19-417B-AEBE-18D1E6168DE4}.Debug|x86.ActiveCfg = Debug|Any CPU
		{C6EB77FD-6F19-417B-AEBE-18D1E6168DE4}.Debug|x86.Build.0 = Debug|Any CPU
		{C6EB77FD-6F19-417B-AEBE-18D1E6168DE4}.Release|Any CPU.ActiveCfg = Release|Any CPU
		{C6EB77FD-6F19-417B-AEBE-18D1E6168DE4}.Release|Any CPU.Build.0 = Release|Any CPU
		{C6EB77FD-6F19-417B-AEBE-18D1E6168DE4}.Release|x64.ActiveCfg = Release|Any CPU
		{C6EB77FD-6F19-417B-AEBE-18D1E6168DE4}.Release|x64.Build.0 = Release|Any CPU
		{C6EB77FD-6F19-417B-AEBE-18D1E6168DE4}.Release|x86.ActiveCfg = Release|Any CPU
		{C6EB77FD-6F19-417B-AEBE-18D1E6168DE4}.Release|x86.Build.0 = Release|Any CPU
	EndGlobalSection
	GlobalSection(SolutionProperties) = preSolution
		HideSolutionNode = FALSE
	EndGlobalSection
	GlobalSection(NestedProjects) = preSolution
		{29490633-D032-4E8B-B26E-51A54F1EB536} = {0AB3BF05-4346-4AA6-1389-037BE0695223}
		{E706941C-5C4D-415A-8DD0-844877FC1161} = {30DC08FC-3E98-6757-484C-7F83F687C538}
		{549E81A8-3200-4026-923B-00422B8F50AF} = {0AB3BF05-4346-4AA6-1389-037BE0695223}
		{C6EB77FD-6F19-417B-AEBE-18D1E6168DE4} = {5D20AA90-6969-D8BD-9DCD-8634F4692FDA}
	EndGlobalSection
EndGlobal
